
Microsoft Visual Studio Solution File, Format Version 12.00
# Visual Studio Version 18
VisualStudioVersion = 18.5.11709.299 stable
MinimumVisualStudioVersion = 10.0.40219.1
Project("{FAE04EC0-301F-11D3-BF4B-00C04F79EFBC}") = "CodexApiBridge", "CodexApiBridge.csproj", "{BAA256DF-74E0-0C78-4B55-460770F4A02D}"
EndProject
Global
	GlobalSection(SolutionConfigurationPlatforms) = preSolution
		Debug|Any CPU = Debug|Any CPU
		Release|Any CPU = Release|Any CPU
	EndGlobalSection
	GlobalSection(ProjectConfigurationPlatforms) = postSolution
		{BAA256DF-74E0-0C78-4B55-460770F4A02D}.Debug|Any CPU.ActiveCfg = Debug|Any CPU
		{BAA256DF-74E0-0C78-4B55-460770F4A02D}.Debug|Any CPU.Build.0 = Debug|Any CPU
		{BAA256DF-74E0-0C78-4B55-460770F4A02D}.Release|Any CPU.ActiveCfg = Release|Any CPU
		{BAA256DF-74E0-0C78-4B55-460770F4A02D}.Release|Any CPU.Build.0 = Release|Any CPU
	EndGlobalSection
	GlobalSection(SolutionProperties) = preSolution
		HideSolutionNode = FALSE
	EndGlobalSection
	GlobalSection(ExtensibilityGlobals) = postSolution
		SolutionGuid = {2084E694-932B-42D1-84FC-E782E1159A08}
	EndGlobalSection
EndGlobal
